
Microsoft Visual Studio Solution File, Format Version 12.00
# Visual Studio 15
VisualStudioVersion = 15.0.27004.2009
MinimumVisualStudioVersion = 10.0.40219.1
Project("{FAE04EC0-301F-11D3-BF4B-00C04F79EFBC}") = "SD1_JS_LAB4", "SD1_JS_LAB4\SD1_JS_LAB4.csproj", "{A53CB7A6-9887-4E79-BFDE-6617AAD7BF37}"
EndProject
Global
	GlobalSection(SolutionConfigurationPlatforms) = preSolution
		Debug|Any CPU = Debug|Any CPU
		Release|Any CPU = Release|Any CPU
	EndGlobalSection
	GlobalSection(ProjectConfigurationPlatforms) = postSolution
		{A53CB7A6-9887-4E79-BFDE-6617AAD7BF37}.Debug|Any CPU.ActiveCfg = Debug|Any CPU
		{A53CB7A6-9887-4E79-BFDE-6617AAD7BF37}.Debug|Any CPU.Build.0 = Debug|Any CPU
		{A53CB7A6-9887-4E79-BFDE-6617AAD7BF37}.Release|Any CPU.ActiveCfg = Release|Any CPU
		{A53CB7A6-9887-4E79-BFDE-6617AAD7BF37}.Release|Any CPU.Build.0 = Release|Any CPU
	EndGlobalSection
	GlobalSection(SolutionProperties) = preSolution
		HideSolutionNode = FALSE
	EndGlobalSection
	GlobalSection(ExtensibilityGlobals) = postSolution
		SolutionGuid = {59FB1BF7-4A0C-4B61-A0F2-585E8A7FB01D}
	EndGlobalSection
EndGlobal
