
Microsoft Visual Studio Solution File, Format Version 12.00
# Visual Studio 15
VisualStudioVersion = 15.0.27004.2009
MinimumVisualStudioVersion = 10.0.40219.1
Project("{FAE04EC0-301F-11D3-BF4B-00C04F79EFBC}") = "js_mylab2", "js_mylab1\js_mylab2.csproj", "{6ED5E607-D7CA-4CC7-97B2-CBE620759439}"
EndProject
Global
	GlobalSection(SolutionConfigurationPlatforms) = preSolution
		Debug|Any CPU = Debug|Any CPU
		Release|Any CPU = Release|Any CPU
	EndGlobalSection
	GlobalSection(ProjectConfigurationPlatforms) = postSolution
		{6ED5E607-D7CA-4CC7-97B2-CBE620759439}.Debug|Any CPU.ActiveCfg = Debug|Any CPU
		{6ED5E607-D7CA-4CC7-97B2-CBE620759439}.Debug|Any CPU.Build.0 = Debug|Any CPU
		{6ED5E607-D7CA-4CC7-97B2-CBE620759439}.Release|Any CPU.ActiveCfg = Release|Any CPU
		{6ED5E607-D7CA-4CC7-97B2-CBE620759439}.Release|Any CPU.Build.0 = Release|Any CPU
	EndGlobalSection
	GlobalSection(SolutionProperties) = preSolution
		HideSolutionNode = FALSE
	EndGlobalSection
	GlobalSection(ExtensibilityGlobals) = postSolution
		SolutionGuid = {3748FAC8-8B2C-481B-AA4C-149784EFBA3A}
	EndGlobalSection
EndGlobal
